Microsoft Visual Studio Solution File, Format Version 12.00
# Visual Studio 15
VisualStudioVersion = 15.0.26228.4
MinimumVisualStudioVersion = 10.0.40219.1
Project("{FAE04EC0-301F-11D3-BF4B-00C04F79EFBC}") = "iGapPlus", "iGapPlus\iGapPlus.csproj", "{ADF1E92C-4725-4DA7-A67B-9AE081E358EC}"
EndProject
Project("{FAE04EC0-301F-11D3-BF4B-00C04F79EFBC}") = "ReactNative", "..\node_modules\react-native-windows\ReactWindows\ReactNative\ReactNative.csproj", "{C7673AD5-E3AA-468C-A5FD-FA38154E205C}"
EndProject
Project("{D954291E-2A0B-460D-934E-DC6B0785DB48}") = "ReactNative.Shared", "..\node_modules\react-native-windows\ReactWindows\ReactNative.Shared\ReactNative.Shared.shproj", "{EEA8B852-4D07-48E1-8294-A21AB5909FE5}"
EndProject
Project("{8BC9CEB8-8B4A-11D0-8D11-00A0C91BC942}") = "ChakraBridge", "..\node_modules\react-native-windows\ReactWindows\ChakraBridge\ChakraBridge.vcxproj", "{4B72C796-16D5-4E3A-81C0-3E36F531E578}"
EndProject
Project("{FAE04EC0-301F-11D3-BF4B-00C04F79EFBC}") = "ReactNativeWebViewBridge", "..\node_modules\react-native-windows\ReactWindows\ReactNativeWebViewBridge\ReactNativeWebViewBridge.csproj", "{7596216B-669C-41F8-86DA-F3637F6545C0}"
EndProject
Project("{FAE04EC0-301F-11D3-BF4B-00C04F79EFBC}") = "RNIGFileSystem", "..\node_modules\react-native-file-system\windows\RNIGFileSystem\RNIGFileSystem.csproj", "{128E8920-8592-11E7-BE82-13BD81BED55A}"
EndProject
Project("{FAE04EC0-301F-11D3-BF4B-00C04F79EFBC}") = "RNSqlite2", "..\node_modules\react-native-sqlite-2\windows\RNSqlite2\RNSqlite2.csproj", "{AA4A1906-7230-4CFB-A193-3602011C768C}"
EndProject
Project("{0A3142E0-07FC-667F-A090-006E6D40682D}") = "C:\projects\iGapPlus\node_modules\react-native-share\windows\RNShare\RNShare", "..\node_modules\react-native-share\windows\RNShare\RNShare.csproj", "{F8DE5BBD-6FEC-1AE3-2E78-1B0587A7B543}"
EndProject
Project("{234A0576-348F-AD6B-3B2A-47C6CCB21CCE}") = "C:\projects\iGapPlus\node_modules\react-native-save-to\windows\RNSaveTo\RNSaveTo", "..\node_modules\react-native-save-to\windows\RNSaveTo\RNSaveTo.csproj", "{4DC3D632-A5A6-57EF-C259-66E9E4A8409A}"
EndProject
Project("{EE56DF58-5764-4C16-E695-76841B442645}") = "C:\projects\iGapPlus\node_modules\react-native-video\windows\ReactNativeVideo.Net46\ReactNativeVideo.Net46", "..\node_modules\react-native-video\windows\ReactNativeVideo.Net46\ReactNativeVideo.Net46.csproj", "{F7FD6C26-F134-3748-1E77-FAC1979D4319}"
EndProject
Project("{FAE04EC0-301F-11D3-BF4B-00C04F79EFBC}") = "RNDeviceInfo", "..\node_modules\react-native-device-info\windows\RNDeviceInfo\RNDeviceInfo.csproj", "{C56790CE-79E5-4D7D-BEB7-8403E70BB0E4}"
EndProject
Global
	GlobalSection(SharedMSBuildProjectFiles) = preSolution
		..\node_modules\react-native-windows\ReactWindows\ReactNative.Shared\ReactNative.Shared.projitems*{c7673ad5-e3aa-468c-a5fd-fa38154e205c}*SharedItemsImports = 4
		..\node_modules\react-native-windows\ReactWindows\ReactNative.Shared\ReactNative.Shared.projitems*{eea8b852-4d07-48e1-8294-a21ab5909fe5}*SharedItemsImports = 13
	EndGlobalSection
	GlobalSection(SolutionConfigurationPlatforms) = preSolution
		Debug|Any CPU = Debug|Any CPU
		Debug|ARM = Debug|ARM
		Debug|x64 = Debug|x64
		Debug|x86 = Debug|x86
		DebugBundle|Any CPU = DebugBundle|Any CPU
		DebugBundle|ARM = DebugBundle|ARM
		DebugBundle|x64 = DebugBundle|x64
		DebugBundle|x86 = DebugBundle|x86
		Release|Any CPU = Release|Any CPU
		Release|ARM = Release|ARM
		Release|x64 = Release|x64
		Release|x86 = Release|x86
		ReleaseBundle|Any CPU = ReleaseBundle|Any CPU
		ReleaseBundle|ARM = ReleaseBundle|ARM
		ReleaseBundle|x64 = ReleaseBundle|x64
		ReleaseBundle|x86 = ReleaseBundle|x86
	EndGlobalSection
	GlobalSection(ProjectConfigurationPlatforms) = postSolution
		{ADF1E92C-4725-4DA7-A67B-9AE081E358EC}.Debug|Any CPU.ActiveCfg = Debug|x86
		{ADF1E92C-4725-4DA7-A67B-9AE081E358EC}.Debug|ARM.ActiveCfg = Debug|ARM
		{ADF1E92C-4725-4DA7-A67B-9AE081E358EC}.Debug|ARM.Build.0 = Debug|ARM
		{ADF1E92C-4725-4DA7-A67B-9AE081E358EC}.Debug|ARM.Deploy.0 = Debug|ARM
		{ADF1E92C-4725-4DA7-A67B-9AE081E358EC}.Debug|x64.ActiveCfg = Debug|x64
		{ADF1E92C-4725-4DA7-A67B-9AE081E358EC}.Debug|x64.Build.0 = Debug|x64
		{ADF1E92C-4725-4DA7-A67B-9AE081E358EC}.Debug|x64.Deploy.0 = Debug|x64
		{ADF1E92C-4725-4DA7-A67B-9AE081E358EC}.Debug|x86.ActiveCfg = Debug|x86
		{ADF1E92C-4725-4DA7-A67B-9AE081E358EC}.Debug|x86.Build.0 = Debug|x86
		{ADF1E92C-4725-4DA7-A67B-9AE081E358EC}.Debug|x86.Deploy.0 = Debug|x86
		{ADF1E92C-4725-4DA7-A67B-9AE081E358EC}.DebugBundle|Any CPU.ActiveCfg = DebugBundle|x86
		{ADF1E92C-4725-4DA7-A67B-9AE081E358EC}.DebugBundle|ARM.ActiveCfg = DebugBundle|ARM
		{ADF1E92C-4725-4DA7-A67B-9AE081E358EC}.DebugBundle|ARM.Build.0 = DebugBundle|ARM
		{ADF1E92C-4725-4DA7-A67B-9AE081E358EC}.DebugBundle|ARM.Deploy.0 = DebugBundle|ARM
		{ADF1E92C-4725-4DA7-A67B-9AE081E358EC}.DebugBundle|x64.ActiveCfg = DebugBundle|x64
		{ADF1E92C-4725-4DA7-A67B-9AE081E358EC}.DebugBundle|x64.Build.0 = DebugBundle|x64
		{ADF1E92C-4725-4DA7-A67B-9AE081E358EC}.DebugBundle|x64.Deploy.0 = DebugBundle|x64
		{ADF1E92C-4725-4DA7-A67B-9AE081E358EC}.DebugBundle|x86.ActiveCfg = DebugBundle|x86
		{ADF1E92C-4725-4DA7-A67B-9AE081E358EC}.DebugBundle|x86.Build.0 = DebugBundle|x86
		{ADF1E92C-4725-4DA7-A67B-9AE081E358EC}.DebugBundle|x86.Deploy.0 = DebugBundle|x86
		{ADF1E92C-4725-4DA7-A67B-9AE081E358EC}.Release|Any CPU.ActiveCfg = Release|x86
		{ADF1E92C-4725-4DA7-A67B-9AE081E358EC}.Release|ARM.ActiveCfg = Release|ARM
		{ADF1E92C-4725-4DA7-A67B-9AE081E358EC}.Release|ARM.Build.0 = Release|ARM
		{ADF1E92C-4725-4DA7-A67B-9AE081E358EC}.Release|ARM.Deploy.0 = Release|ARM
		{ADF1E92C-4725-4DA7-A67B-9AE081E358EC}.Release|x64.ActiveCfg = Release|x64
		{ADF1E92C-4725-4DA7-A67B-9AE081E358EC}.Release|x64.Build.0 = Release|x64
		{ADF1E92C-4725-4DA7-A67B-9AE081E358EC}.Release|x64.Deploy.0 = Release|x64
		{ADF1E92C-4725-4DA7-A67B-9AE081E358EC}.Release|x86.ActiveCfg = Release|x86
		{ADF1E92C-4725-4DA7-A67B-9AE081E358EC}.Release|x86.Build.0 = Release|x86
		{ADF1E92C-4725-4DA7-A67B-9AE081E358EC}.Release|x86.Deploy.0 = Release|x86
		{ADF1E92C-4725-4DA7-A67B-9AE081E358EC}.ReleaseBundle|Any CPU.ActiveCfg = ReleaseBundle|x86
		{ADF1E92C-4725-4DA7-A67B-9AE081E358EC}.ReleaseBundle|ARM.ActiveCfg = ReleaseBundle|ARM
		{ADF1E92C-4725-4DA7-A67B-9AE081E358EC}.ReleaseBundle|ARM.Build.0 = ReleaseBundle|ARM
		{ADF1E92C-4725-4DA7-A67B-9AE081E358EC}.ReleaseBundle|ARM.Deploy.0 = ReleaseBundle|ARM
		{ADF1E92C-4725-4DA7-A67B-9AE081E358EC}.ReleaseBundle|x64.ActiveCfg = ReleaseBundle|x64
		{ADF1E92C-4725-4DA7-A67B-9AE081E358EC}.ReleaseBundle|x64.Build.0 = ReleaseBundle|x64
		{ADF1E92C-4725-4DA7-A67B-9AE081E358EC}.ReleaseBundle|x64.Deploy.0 = ReleaseBundle|x64
		{ADF1E92C-4725-4DA7-A67B-9AE081E358EC}.ReleaseBundle|x86.ActiveCfg = ReleaseBundle|x86
		{ADF1E92C-4725-4DA7-A67B-9AE081E358EC}.ReleaseBundle|x86.Build.0 = ReleaseBundle|x86
		{ADF1E92C-4725-4DA7-A67B-9AE081E358EC}.ReleaseBundle|x86.Deploy.0 = ReleaseBundle|x86
        {C56790CE-79E5-4D7D-BEB7-8403E70BB0E4}.Debug|ARM.ActiveCfg = Debug|ARM
        {C56790CE-79E5-4D7D-BEB7-8403E70BB0E4}.Debug|ARM.Build.0 = Debug|ARM
        {C56790CE-79E5-4D7D-BEB7-8403E70BB0E4}.Debug|x64.ActiveCfg = Debug|x64
        {C56790CE-79E5-4D7D-BEB7-8403E70BB0E4}.Debug|x64.Build.0 = Debug|x64
        {C56790CE-79E5-4D7D-BEB7-8403E70BB0E4}.Debug|x86.ActiveCfg = Debug|x86
        {C56790CE-79E5-4D7D-BEB7-8403E70BB0E4}.Debug|x86.Build.0 = Debug|x86
        {C56790CE-79E5-4D7D-BEB7-8403E70BB0E4}.DebugBundle|ARM.ActiveCfg = Debug|ARM
        {C56790CE-79E5-4D7D-BEB7-8403E70BB0E4}.DebugBundle|ARM.Build.0 = Debug|ARM
        {C56790CE-79E5-4D7D-BEB7-8403E70BB0E4}.DebugBundle|x64.ActiveCfg = Debug|x64
        {C56790CE-79E5-4D7D-BEB7-8403E70BB0E4}.DebugBundle|x64.Build.0 = Debug|x64
        {C56790CE-79E5-4D7D-BEB7-8403E70BB0E4}.DebugBundle|x86.ActiveCfg = Debug|x86
        {C56790CE-79E5-4D7D-BEB7-8403E70BB0E4}.DebugBundle|x86.Build.0 = Debug|x86
        {C56790CE-79E5-4D7D-BEB7-8403E70BB0E4}.Release|ARM.ActiveCfg = Release|ARM
        {C56790CE-79E5-4D7D-BEB7-8403E70BB0E4}.Release|ARM.Build.0 = Release|ARM
        {C56790CE-79E5-4D7D-BEB7-8403E70BB0E4}.Release|x64.ActiveCfg = Release|x64
        {C56790CE-79E5-4D7D-BEB7-8403E70BB0E4}.Release|x64.Build.0 = Release|x64
        {C56790CE-79E5-4D7D-BEB7-8403E70BB0E4}.Release|x86.ActiveCfg = Release|x86
        {C56790CE-79E5-4D7D-BEB7-8403E70BB0E4}.Release|x86.Build.0 = Release|x86
        {C56790CE-79E5-4D7D-BEB7-8403E70BB0E4}.ReleaseBundle|ARM.ActiveCfg = Release|ARM
        {C56790CE-79E5-4D7D-BEB7-8403E70BB0E4}.ReleaseBundle|ARM.Build.0 = Release|ARM
        {C56790CE-79E5-4D7D-BEB7-8403E70BB0E4}.ReleaseBundle|x64.ActiveCfg = Release|x64
        {C56790CE-79E5-4D7D-BEB7-8403E70BB0E4}.ReleaseBundle|x64.Build.0 = Release|x64
        {C56790CE-79E5-4D7D-BEB7-8403E70BB0E4}.ReleaseBundle|x86.ActiveCfg = Release|x86
        {C56790CE-79E5-4D7D-BEB7-8403E70BB0E4}.ReleaseBundle|x86.Build.0 = Release|x86
		{C7673AD5-E3AA-468C-A5FD-FA38154E205C}.Debug|Any CPU.ActiveCfg = Debug|x86
		{C7673AD5-E3AA-468C-A5FD-FA38154E205C}.Debug|ARM.ActiveCfg = Debug|ARM
		{C7673AD5-E3AA-468C-A5FD-FA38154E205C}.Debug|ARM.Build.0 = Debug|ARM
		{C7673AD5-E3AA-468C-A5FD-FA38154E205C}.Debug|x64.ActiveCfg = Debug|x64
		{C7673AD5-E3AA-468C-A5FD-FA38154E205C}.Debug|x64.Build.0 = Debug|x64
		{C7673AD5-E3AA-468C-A5FD-FA38154E205C}.Debug|x86.ActiveCfg = Debug|x86
		{C7673AD5-E3AA-468C-A5FD-FA38154E205C}.Debug|x86.Build.0 = Debug|x86
		{C7673AD5-E3AA-468C-A5FD-FA38154E205C}.DebugBundle|Any CPU.ActiveCfg = Release|x86
		{C7673AD5-E3AA-468C-A5FD-FA38154E205C}.DebugBundle|Any CPU.Build.0 = Release|x86
		{C7673AD5-E3AA-468C-A5FD-FA38154E205C}.DebugBundle|ARM.ActiveCfg = Debug|ARM
		{C7673AD5-E3AA-468C-A5FD-FA38154E205C}.DebugBundle|ARM.Build.0 = Debug|ARM
		{C7673AD5-E3AA-468C-A5FD-FA38154E205C}.DebugBundle|x64.ActiveCfg = Debug|x64
		{C7673AD5-E3AA-468C-A5FD-FA38154E205C}.DebugBundle|x64.Build.0 = Debug|x64
		{C7673AD5-E3AA-468C-A5FD-FA38154E205C}.DebugBundle|x86.ActiveCfg = Debug|x86
		{C7673AD5-E3AA-468C-A5FD-FA38154E205C}.DebugBundle|x86.Build.0 = Debug|x86
		{C7673AD5-E3AA-468C-A5FD-FA38154E205C}.Release|Any CPU.ActiveCfg = Release|x86
		{C7673AD5-E3AA-468C-A5FD-FA38154E205C}.Release|ARM.ActiveCfg = Release|ARM
		{C7673AD5-E3AA-468C-A5FD-FA38154E205C}.Release|ARM.Build.0 = Release|ARM
		{C7673AD5-E3AA-468C-A5FD-FA38154E205C}.Release|x64.ActiveCfg = Release|x64
		{C7673AD5-E3AA-468C-A5FD-FA38154E205C}.Release|x64.Build.0 = Release|x64
		{C7673AD5-E3AA-468C-A5FD-FA38154E205C}.Release|x86.ActiveCfg = Release|x86
		{C7673AD5-E3AA-468C-A5FD-FA38154E205C}.Release|x86.Build.0 = Release|x86
		{C7673AD5-E3AA-468C-A5FD-FA38154E205C}.ReleaseBundle|Any CPU.ActiveCfg = Release|x86
		{C7673AD5-E3AA-468C-A5FD-FA38154E205C}.ReleaseBundle|Any CPU.Build.0 = Release|x86
		{C7673AD5-E3AA-468C-A5FD-FA38154E205C}.ReleaseBundle|ARM.ActiveCfg = Release|ARM
		{C7673AD5-E3AA-468C-A5FD-FA38154E205C}.ReleaseBundle|ARM.Build.0 = Release|ARM
		{C7673AD5-E3AA-468C-A5FD-FA38154E205C}.ReleaseBundle|x64.ActiveCfg = Release|x64
		{C7673AD5-E3AA-468C-A5FD-FA38154E205C}.ReleaseBundle|x64.Build.0 = Release|x64
		{C7673AD5-E3AA-468C-A5FD-FA38154E205C}.ReleaseBundle|x86.ActiveCfg = Release|x86
		{C7673AD5-E3AA-468C-A5FD-FA38154E205C}.ReleaseBundle|x86.Build.0 = Release|x86
		{4B72C796-16D5-4E3A-81C0-3E36F531E578}.Debug|Any CPU.ActiveCfg = Debug|Win32
		{4B72C796-16D5-4E3A-81C0-3E36F531E578}.Debug|ARM.ActiveCfg = Debug|ARM
		{4B72C796-16D5-4E3A-81C0-3E36F531E578}.Debug|ARM.Build.0 = Debug|ARM
		{4B72C796-16D5-4E3A-81C0-3E36F531E578}.Debug|x64.ActiveCfg = Debug|x64
		{4B72C796-16D5-4E3A-81C0-3E36F531E578}.Debug|x64.Build.0 = Debug|x64
		{4B72C796-16D5-4E3A-81C0-3E36F531E578}.Debug|x86.ActiveCfg = Debug|Win32
		{4B72C796-16D5-4E3A-81C0-3E36F531E578}.Debug|x86.Build.0 = Debug|Win32
		{4B72C796-16D5-4E3A-81C0-3E36F531E578}.DebugBundle|Any CPU.ActiveCfg = Release|Win32
		{4B72C796-16D5-4E3A-81C0-3E36F531E578}.DebugBundle|Any CPU.Build.0 = Release|Win32
		{4B72C796-16D5-4E3A-81C0-3E36F531E578}.DebugBundle|ARM.ActiveCfg = Debug|ARM
		{4B72C796-16D5-4E3A-81C0-3E36F531E578}.DebugBundle|ARM.Build.0 = Debug|ARM
		{4B72C796-16D5-4E3A-81C0-3E36F531E578}.DebugBundle|x64.ActiveCfg = Debug|x64
		{4B72C796-16D5-4E3A-81C0-3E36F531E578}.DebugBundle|x64.Build.0 = Debug|x64
		{4B72C796-16D5-4E3A-81C0-3E36F531E578}.DebugBundle|x86.ActiveCfg = Debug|Win32
		{4B72C796-16D5-4E3A-81C0-3E36F531E578}.DebugBundle|x86.Build.0 = Debug|Win32
		{4B72C796-16D5-4E3A-81C0-3E36F531E578}.Release|Any CPU.ActiveCfg = Release|Win32
		{4B72C796-16D5-4E3A-81C0-3E36F531E578}.Release|ARM.ActiveCfg = Release|ARM
		{4B72C796-16D5-4E3A-81C0-3E36F531E578}.Release|ARM.Build.0 = Release|ARM
		{4B72C796-16D5-4E3A-81C0-3E36F531E578}.Release|x64.ActiveCfg = Release|x64
		{4B72C796-16D5-4E3A-81C0-3E36F531E578}.Release|x64.Build.0 = Release|x64
		{4B72C796-16D5-4E3A-81C0-3E36F531E578}.Release|x86.ActiveCfg = Release|Win32
		{4B72C796-16D5-4E3A-81C0-3E36F531E578}.Release|x86.Build.0 = Release|Win32
		{4B72C796-16D5-4E3A-81C0-3E36F531E578}.ReleaseBundle|Any CPU.ActiveCfg = Release|Win32
		{4B72C796-16D5-4E3A-81C0-3E36F531E578}.ReleaseBundle|Any CPU.Build.0 = Release|Win32
		{4B72C796-16D5-4E3A-81C0-3E36F531E578}.ReleaseBundle|ARM.ActiveCfg = Release|ARM
		{4B72C796-16D5-4E3A-81C0-3E36F531E578}.ReleaseBundle|ARM.Build.0 = Release|ARM
		{4B72C796-16D5-4E3A-81C0-3E36F531E578}.ReleaseBundle|x64.ActiveCfg = Release|x64
		{4B72C796-16D5-4E3A-81C0-3E36F531E578}.ReleaseBundle|x64.Build.0 = Release|x64
		{4B72C796-16D5-4E3A-81C0-3E36F531E578}.ReleaseBundle|x86.ActiveCfg = Release|Win32
		{4B72C796-16D5-4E3A-81C0-3E36F531E578}.ReleaseBundle|x86.Build.0 = Release|Win32
		{7596216B-669C-41F8-86DA-F3637F6545C0}.Debug|Any CPU.ActiveCfg = Debug|x86
		{7596216B-669C-41F8-86DA-F3637F6545C0}.Debug|ARM.ActiveCfg = Debug|ARM
		{7596216B-669C-41F8-86DA-F3637F6545C0}.Debug|ARM.Build.0 = Debug|ARM
		{7596216B-669C-41F8-86DA-F3637F6545C0}.Debug|x64.ActiveCfg = Debug|x64
		{7596216B-669C-41F8-86DA-F3637F6545C0}.Debug|x64.Build.0 = Debug|x64
		{7596216B-669C-41F8-86DA-F3637F6545C0}.Debug|x86.ActiveCfg = Debug|x86
		{7596216B-669C-41F8-86DA-F3637F6545C0}.Debug|x86.Build.0 = Debug|x86
		{7596216B-669C-41F8-86DA-F3637F6545C0}.DebugBundle|Any CPU.ActiveCfg = Release|x86
		{7596216B-669C-41F8-86DA-F3637F6545C0}.DebugBundle|Any CPU.Build.0 = Release|x86
		{7596216B-669C-41F8-86DA-F3637F6545C0}.DebugBundle|ARM.ActiveCfg = Debug|ARM
		{7596216B-669C-41F8-86DA-F3637F6545C0}.DebugBundle|ARM.Build.0 = Debug|ARM
		{7596216B-669C-41F8-86DA-F3637F6545C0}.DebugBundle|x64.ActiveCfg = Debug|x64
		{7596216B-669C-41F8-86DA-F3637F6545C0}.DebugBundle|x64.Build.0 = Debug|x64
		{7596216B-669C-41F8-86DA-F3637F6545C0}.DebugBundle|x86.ActiveCfg = Debug|x86
		{7596216B-669C-41F8-86DA-F3637F6545C0}.DebugBundle|x86.Build.0 = Debug|x86
		{7596216B-669C-41F8-86DA-F3637F6545C0}.Release|Any CPU.ActiveCfg = Release|x86
		{7596216B-669C-41F8-86DA-F3637F6545C0}.Release|ARM.ActiveCfg = Release|ARM
		{7596216B-669C-41F8-86DA-F3637F6545C0}.Release|ARM.Build.0 = Release|ARM
		{7596216B-669C-41F8-86DA-F3637F6545C0}.Release|x64.ActiveCfg = Release|x64
		{7596216B-669C-41F8-86DA-F3637F6545C0}.Release|x64.Build.0 = Release|x64
		{7596216B-669C-41F8-86DA-F3637F6545C0}.Release|x86.ActiveCfg = Release|x86
		{7596216B-669C-41F8-86DA-F3637F6545C0}.Release|x86.Build.0 = Release|x86
		{7596216B-669C-41F8-86DA-F3637F6545C0}.ReleaseBundle|Any CPU.ActiveCfg = Release|x86
		{7596216B-669C-41F8-86DA-F3637F6545C0}.ReleaseBundle|Any CPU.Build.0 = Release|x86
		{7596216B-669C-41F8-86DA-F3637F6545C0}.ReleaseBundle|ARM.ActiveCfg = Release|ARM
		{7596216B-669C-41F8-86DA-F3637F6545C0}.ReleaseBundle|ARM.Build.0 = Release|ARM
		{7596216B-669C-41F8-86DA-F3637F6545C0}.ReleaseBundle|x64.ActiveCfg = Release|x64
		{7596216B-669C-41F8-86DA-F3637F6545C0}.ReleaseBundle|x64.Build.0 = Release|x64
		{7596216B-669C-41F8-86DA-F3637F6545C0}.ReleaseBundle|x86.ActiveCfg = Release|x86
		{7596216B-669C-41F8-86DA-F3637F6545C0}.ReleaseBundle|x86.Build.0 = Release|x86
		{128E8920-8592-11E7-BE82-13BD81BED55A}.Debug|Any CPU.ActiveCfg = Debug|Any CPU
		{128E8920-8592-11E7-BE82-13BD81BED55A}.Debug|Any CPU.Build.0 = Debug|Any CPU
		{128E8920-8592-11E7-BE82-13BD81BED55A}.Debug|ARM.ActiveCfg = Debug|ARM
		{128E8920-8592-11E7-BE82-13BD81BED55A}.Debug|ARM.Build.0 = Debug|ARM
		{128E8920-8592-11E7-BE82-13BD81BED55A}.Debug|x64.ActiveCfg = Debug|x64
		{128E8920-8592-11E7-BE82-13BD81BED55A}.Debug|x64.Build.0 = Debug|x64
		{128E8920-8592-11E7-BE82-13BD81BED55A}.Debug|x86.ActiveCfg = Debug|x86
		{128E8920-8592-11E7-BE82-13BD81BED55A}.Debug|x86.Build.0 = Debug|x86
		{128E8920-8592-11E7-BE82-13BD81BED55A}.DebugBundle|Any CPU.ActiveCfg = Debug|Any CPU
		{128E8920-8592-11E7-BE82-13BD81BED55A}.DebugBundle|Any CPU.Build.0 = Debug|Any CPU
		{128E8920-8592-11E7-BE82-13BD81BED55A}.DebugBundle|ARM.ActiveCfg = Debug|ARM
		{128E8920-8592-11E7-BE82-13BD81BED55A}.DebugBundle|ARM.Build.0 = Debug|ARM
		{128E8920-8592-11E7-BE82-13BD81BED55A}.DebugBundle|x64.ActiveCfg = Debug|x64
		{128E8920-8592-11E7-BE82-13BD81BED55A}.DebugBundle|x64.Build.0 = Debug|x64
		{128E8920-8592-11E7-BE82-13BD81BED55A}.DebugBundle|x86.ActiveCfg = Debug|x86
		{128E8920-8592-11E7-BE82-13BD81BED55A}.DebugBundle|x86.Build.0 = Debug|x86
		{128E8920-8592-11E7-BE82-13BD81BED55A}.Release|Any CPU.ActiveCfg = Release|Any CPU
		{128E8920-8592-11E7-BE82-13BD81BED55A}.Release|Any CPU.Build.0 = Release|Any CPU
		{128E8920-8592-11E7-BE82-13BD81BED55A}.Release|ARM.ActiveCfg = Release|ARM
		{128E8920-8592-11E7-BE82-13BD81BED55A}.Release|ARM.Build.0 = Release|ARM
		{128E8920-8592-11E7-BE82-13BD81BED55A}.Release|x64.ActiveCfg = Release|x64
		{128E8920-8592-11E7-BE82-13BD81BED55A}.Release|x64.Build.0 = Release|x64
		{128E8920-8592-11E7-BE82-13BD81BED55A}.Release|x86.ActiveCfg = Release|x86
		{128E8920-8592-11E7-BE82-13BD81BED55A}.Release|x86.Build.0 = Release|x86
		{128E8920-8592-11E7-BE82-13BD81BED55A}.ReleaseBundle|Any CPU.ActiveCfg = Release|Any CPU
		{128E8920-8592-11E7-BE82-13BD81BED55A}.ReleaseBundle|Any CPU.Build.0 = Release|Any CPU
		{128E8920-8592-11E7-BE82-13BD81BED55A}.ReleaseBundle|ARM.ActiveCfg = Release|ARM
		{128E8920-8592-11E7-BE82-13BD81BED55A}.ReleaseBundle|ARM.Build.0 = Release|ARM
		{128E8920-8592-11E7-BE82-13BD81BED55A}.ReleaseBundle|x64.ActiveCfg = Release|x64
		{128E8920-8592-11E7-BE82-13BD81BED55A}.ReleaseBundle|x64.Build.0 = Release|x64
		{128E8920-8592-11E7-BE82-13BD81BED55A}.ReleaseBundle|x86.ActiveCfg = Release|x86
		{128E8920-8592-11E7-BE82-13BD81BED55A}.ReleaseBundle|x86.Build.0 = Release|x86
		{AA4A1906-7230-4CFB-A193-3602011C768C}.Debug|Any CPU.ActiveCfg = Debug|Any CPU
		{AA4A1906-7230-4CFB-A193-3602011C768C}.Debug|Any CPU.Build.0 = Debug|Any CPU
		{AA4A1906-7230-4CFB-A193-3602011C768C}.Debug|ARM.ActiveCfg = Debug|ARM
		{AA4A1906-7230-4CFB-A193-3602011C768C}.Debug|ARM.Build.0 = Debug|ARM
		{AA4A1906-7230-4CFB-A193-3602011C768C}.Debug|x64.ActiveCfg = Debug|x64
		{AA4A1906-7230-4CFB-A193-3602011C768C}.Debug|x64.Build.0 = Debug|x64
		{AA4A1906-7230-4CFB-A193-3602011C768C}.Debug|x86.ActiveCfg = Debug|x86
		{AA4A1906-7230-4CFB-A193-3602011C768C}.Debug|x86.Build.0 = Debug|x86
		{AA4A1906-7230-4CFB-A193-3602011C768C}.DebugBundle|Any CPU.ActiveCfg = Debug|Any CPU
		{AA4A1906-7230-4CFB-A193-3602011C768C}.DebugBundle|Any CPU.Build.0 = Debug|Any CPU
		{AA4A1906-7230-4CFB-A193-3602011C768C}.DebugBundle|ARM.ActiveCfg = Debug|ARM
		{AA4A1906-7230-4CFB-A193-3602011C768C}.DebugBundle|ARM.Build.0 = Debug|ARM
		{AA4A1906-7230-4CFB-A193-3602011C768C}.DebugBundle|x64.ActiveCfg = Debug|x64
		{AA4A1906-7230-4CFB-A193-3602011C768C}.DebugBundle|x64.Build.0 = Debug|x64
		{AA4A1906-7230-4CFB-A193-3602011C768C}.DebugBundle|x86.ActiveCfg = Debug|x86
		{AA4A1906-7230-4CFB-A193-3602011C768C}.DebugBundle|x86.Build.0 = Debug|x86
		{AA4A1906-7230-4CFB-A193-3602011C768C}.Release|Any CPU.ActiveCfg = Release|Any CPU
		{AA4A1906-7230-4CFB-A193-3602011C768C}.Release|Any CPU.Build.0 = Release|Any CPU
		{AA4A1906-7230-4CFB-A193-3602011C768C}.Release|ARM.ActiveCfg = Release|ARM
		{AA4A1906-7230-4CFB-A193-3602011C768C}.Release|ARM.Build.0 = Release|ARM
		{AA4A1906-7230-4CFB-A193-3602011C768C}.Release|x64.ActiveCfg = Release|x64
		{AA4A1906-7230-4CFB-A193-3602011C768C}.Release|x64.Build.0 = Release|x64
		{AA4A1906-7230-4CFB-A193-3602011C768C}.Release|x86.ActiveCfg = Release|x86
		{AA4A1906-7230-4CFB-A193-3602011C768C}.Release|x86.Build.0 = Release|x86
		{AA4A1906-7230-4CFB-A193-3602011C768C}.ReleaseBundle|Any CPU.ActiveCfg = Release|Any CPU
		{AA4A1906-7230-4CFB-A193-3602011C768C}.ReleaseBundle|Any CPU.Build.0 = Release|Any CPU
		{AA4A1906-7230-4CFB-A193-3602011C768C}.ReleaseBundle|ARM.ActiveCfg = Release|ARM
		{AA4A1906-7230-4CFB-A193-3602011C768C}.ReleaseBundle|ARM.Build.0 = Release|ARM
		{AA4A1906-7230-4CFB-A193-3602011C768C}.ReleaseBundle|x64.ActiveCfg = Release|x64
		{AA4A1906-7230-4CFB-A193-3602011C768C}.ReleaseBundle|x64.Build.0 = Release|x64
		{AA4A1906-7230-4CFB-A193-3602011C768C}.ReleaseBundle|x86.ActiveCfg = Release|x86
		{AA4A1906-7230-4CFB-A193-3602011C768C}.ReleaseBundle|x86.Build.0 = Release|x86
	EndGlobalSection
	GlobalSection(SolutionProperties) = preSolution
		HideSolutionNode = FALSE
	EndGlobalSection
EndGlobal
